{
  "version": 4,
  "terraform_version": "1.5.0",
  "serial": 15,
  "lineage": "e1a47cae-dfe4-3c90-6c64-b1ef0b75c75d",
  "outputs": {},
  "resources": [
    {
      "mode": "managed",
      "type": "google_container_cluster",
      "name": "my_cluster",
      "provider": "provider[\"registry.terraform.io/hashicorp/google\"]",
      "instances": [
        {
          "schema_version": 1,
          "attributes": {
            "addons_config": [
              {
                "cloudrun_config": [],
                "config_connector_config": [],
                "dns_cache_config": [],
                "gce_persistent_disk_csi_driver_config": [
                  {
                    "enabled": true
                  }
                ],
                "gcp_filestore_csi_driver_config": [],
                "gke_backup_agent_config": [],
                "horizontal_pod_autoscaling": [],
                "http_load_balancing": [],
                "network_policy_config": [
                  {
                    "disabled": true
                  }
                ]
              }
            ],
            "authenticator_groups_config": [],
            "binary_authorization": [
              {
                "enabled": false,
                "evaluation_mode": ""
              }
            ],
            "cluster_autoscaling": [
              {
                "auto_provisioning_defaults": [],
                "enabled": false,
                "resource_limits": []
              }
            ],
            "cluster_ipv4_cidr": "10.0.0.0/14",
            "confidential_nodes": [],
            "cost_management_config": [],
            "database_encryption": [
              {
                "key_name": "",
                "state": "DECRYPTED"
              }
            ],
            "datapath_provider": "",
            "default_max_pods_per_node": null,
            "default_snat_status": [
              {
                "disabled": false
              }
            ],
            "description": "",
            "dns_config": [],
            "enable_autopilot": false,
            "enable_binary_authorization": false,
            "enable_intranode_visibility": false,
            "enable_kubernetes_alpha": false,
            "enable_l4_ilb_subsetting": false,
            "enable_legacy_abac": false,
            "enable_shielded_nodes": true,
            "enable_tpu": false,
            "endpoint": "34.30.15.57",
            "gateway_api_config": [],
            "id": "projects/k8s-b00930528/locations/us-central1-a/clusters/my-cluster",
            "initial_node_count": 1,
            "ip_allocation_policy": [],
            "label_fingerprint": "a9dc16a7",
            "location": "us-central1-a",
            "logging_config": [
              {
                "enable_components": [
                  "SYSTEM_COMPONENTS",
                  "WORKLOADS"
                ]
              }
            ],
            "logging_service": "logging.googleapis.com/kubernetes",
            "maintenance_policy": [],
            "master_auth": [
              {
                "client_certificate": "",
                "client_certificate_config": [
                  {
                    "issue_client_certificate": false
                  }
                ],
                "client_key": "",
                "cluster_ca_certificate": "LS0tLS1CRUdJTiBDRVJUSUZJQ0FURS0tLS0tCk1JSUVMVENDQXBXZ0F3SUJBZ0lSQUt6b0VXQUFXMnB5ay9pOGNMdUgrclF3RFFZSktvWklodmNOQVFFTEJRQXcKTHpFdE1Dc0dBMVVFQXhNa1kyUTRNbVl5WkdZdFpEY3pOeTAwWVdSakxXSTFPRE10WVdSa1pXUXpPREk1T1RCbQpNQ0FYRFRJek1EWXhOekUzTlRBMU0xb1lEekl3TlRNd05qQTVNVGcxTURVeldqQXZNUzB3S3dZRFZRUURFeVJqClpEZ3laakprWmkxa056TTNMVFJoWkdNdFlqVTRNeTFoWkdSbFpETTRNams1TUdZd2dnR2lNQTBHQ1NxR1NJYjMKRFFFQkFRVUFBNElCandBd2dnR0tBb0lCZ1FDa3lkZmt2cEd4TlpQNmdYZmlQakFYYmRmZzVRN0FIYTdvamtiMgpabDR6YmVQcnVkK0hFT3ZnUHR1NmF0cHRHVVVpZGwwOTQ1VEs2YTd3MWVQWStlaWZST0o0bWxtbjQ1OGF6VzVxClJnUGk2NkpGNGV2K3ZRMjdyWTBMTmtUaE9Icjh2QjJwTnJaQXBxNWRVTW5TTElnVnFhbnoyTk1nMWtiR0pVaFIKK0NFSmxia2hPdmpNS2dadUFYOHFqMEdWUTVCM0xzeFBrWkhCMCs0WW1PNlUydklBSEwrU1lRc1U0cEl6M2E0RgpuUG9SMjROK3hGSlQyeFoxSEtKTUc2WDNPUTZybkgxT3V2Z0JZcTdNRm9FLzlObDdvYU84RytxdmFwaEJlL1R0CnRwZld1TmRIb3hSTU1zeFBRSDg0WmFsVmFRSmxJREdMMVluNzdLYm5scnIvNWpHUlY5TW1ibmJhM2FSKy8yWWoKV0hhdTdUKzY0ZFBxTmdhNHY4MkhIbklPSVFwTHU0ZEN0N1k3TEp5ZGJjZFFRY0c3U0lJOEpmRnVqcDlVV2FVZApCcUgzVFRsVnFZZnRMaVFZUGluTGZ6WHcxbHNJcktMbkIxQk0wcHVkemhGbXRKUVk4NlZUZ3NxcGNYMDRCVHpBCndOZlVVME15eUNxRlpma0dDamFjbFliUm52Y0NBd0VBQWFOQ01FQXdEZ1lEVlIwUEFRSC9CQVFEQWdJRU1BOEcKQTFVZEV3RUIvd1FGTUFNQkFmOHdIUVlEVlIwT0JCWUVGQ2EyaEdjSU5nL0x4OFdHcTQrQ3pCUG5CZStzTUEwRwpDU3FHU0liM0RRRUJDd1VBQTRJQmdRQUxTNFBvNmFQWUJkdmRPelJ1TTNXalNTTHhkb2dvTDlVeCtmREVUY2lnClV0Z1c0V1RLMmVJRWJVbW1xYmpkLzYwYS84YW9sVkZtNGpvNVBYdUpkR3FFYnBmNlRQSDBwUm1OOWovZGlZUGYKYnBPVnhDU3U4bGcydmRsTUs0QXFMMFR2QlY2UFFaU3gxOXpLWFBuNTA5NVdyeFpZZFYrWlhqb004NTRFc2dYRApBdGRRcWF3cDQzQXpIYjlUWU5SY1YvOGd5VStNbWVPQ0hCMGswS1lhNnV1K0JXak9QM0ZSYUZNNlJIQVhxNlZ1Ckw5NnRxNFVaclUyQkV0U2R6RkQrMDNKNW1lMjhtT1pzZ2xDdDIzbVhoRFZQV1l0Q25QSU5ZWTZBNHNVeDB5Z3EKeWlxL3NqSVI4UDdEbU1HQzdoeXgvVEYzWlA1c21RbGpIMkNUOUhod3ZNZTVWbGw5RUhSem5WVGJ0S0U1Ly9Xago2b2twWTlWVk16aW01TTBHQS85WnhEOStXbnJOcGJGREFjdFBycFFnTm1OaGdIQUhhWGNmVUROUW1rektxU21yCk9LeUJCZkZKU09EOEJ6SHlPWUxRKzJhSFozVms4KzNrRkFqbGxTTlV2MlRtRlpjenhjWDJMNmhFL3NKYkJubzQKQlR3YmxWWTNvcC9aL2RXQmVRTDJCUVk9Ci0tLS0tRU5EIENFUlRJRklDQVRFLS0tLS0K"
              }
            ],
            "master_authorized_networks_config": [],
            "master_version": "1.25.8-gke.500",
            "mesh_certificates": [],
            "min_master_version": null,
            "monitoring_config": [
              {
                "enable_components": [
                  "SYSTEM_COMPONENTS"
                ],
                "managed_prometheus": []
              }
            ],
            "monitoring_service": "monitoring.googleapis.com/kubernetes",
            "name": "my-cluster",
            "network": "projects/k8s-b00930528/global/networks/default",
            "network_policy": [
              {
                "enabled": false,
                "provider": "PROVIDER_UNSPECIFIED"
              }
            ],
            "networking_mode": "ROUTES",
            "node_config": [
              {
                "boot_disk_kms_key": "",
                "disk_size_gb": 100,
                "disk_type": "pd-balanced",
                "gcfs_config": [],
                "guest_accelerator": [],
                "gvnic": [],
                "image_type": "COS_CONTAINERD",
                "kubelet_config": [],
                "labels": {},
                "linux_node_config": [],
                "local_ssd_count": 0,
                "logging_variant": "DEFAULT",
                "machine_type": "e2-medium",
                "metadata": {
                  "disable-legacy-endpoints": "true"
                },
                "min_cpu_platform": "",
                "node_group": "",
                "oauth_scopes": [
                  "https://www.googleapis.com/auth/devstorage.read_only",
                  "https://www.googleapis.com/auth/logging.write",
                  "https://www.googleapis.com/auth/monitoring",
                  "https://www.googleapis.com/auth/service.management.readonly",
                  "https://www.googleapis.com/auth/servicecontrol",
                  "https://www.googleapis.com/auth/trace.append"
                ],
                "preemptible": false,
                "reservation_affinity": [],
                "resource_labels": null,
                "service_account": "default",
                "shielded_instance_config": [
                  {
                    "enable_integrity_monitoring": true,
                    "enable_secure_boot": false
                  }
                ],
                "spot": false,
                "tags": null,
                "taint": [],
                "workload_metadata_config": []
              }
            ],
            "node_locations": [],
            "node_pool": [
              {
                "autoscaling": [],
                "initial_node_count": 1,
                "instance_group_urls": [
                  "https://www.googleapis.com/compute/v1/projects/k8s-b00930528/zones/us-central1-a/instanceGroupManagers/gke-my-cluster-default-pool-0ac7ec54-grp"
                ],
                "managed_instance_group_urls": [
                  "https://www.googleapis.com/compute/v1/projects/k8s-b00930528/zones/us-central1-a/instanceGroups/gke-my-cluster-default-pool-0ac7ec54-grp"
                ],
                "management": [
                  {
                    "auto_repair": true,
                    "auto_upgrade": true
                  }
                ],
                "max_pods_per_node": 0,
                "name": "default-pool",
                "name_prefix": "",
                "network_config": [
                  {
                    "create_pod_range": false,
                    "enable_private_nodes": false,
                    "pod_ipv4_cidr_block": "",
                    "pod_range": ""
                  }
                ],
                "node_config": [
                  {
                    "boot_disk_kms_key": "",
                    "disk_size_gb": 100,
                    "disk_type": "pd-balanced",
                    "gcfs_config": [],
                    "guest_accelerator": [],
                    "gvnic": [],
                    "image_type": "COS_CONTAINERD",
                    "kubelet_config": [],
                    "labels": {},
                    "linux_node_config": [],
                    "local_ssd_count": 0,
                    "logging_variant": "DEFAULT",
                    "machine_type": "e2-medium",
                    "metadata": {
                      "disable-legacy-endpoints": "true"
                    },
                    "min_cpu_platform": "",
                    "node_group": "",
                    "oauth_scopes": [
                      "https://www.googleapis.com/auth/devstorage.read_only",
                      "https://www.googleapis.com/auth/logging.write",
                      "https://www.googleapis.com/auth/monitoring",
                      "https://www.googleapis.com/auth/service.management.readonly",
                      "https://www.googleapis.com/auth/servicecontrol",
                      "https://www.googleapis.com/auth/trace.append"
                    ],
                    "preemptible": false,
                    "reservation_affinity": [],
                    "resource_labels": {},
                    "service_account": "default",
                    "shielded_instance_config": [
                      {
                        "enable_integrity_monitoring": true,
                        "enable_secure_boot": false
                      }
                    ],
                    "spot": false,
                    "tags": [],
                    "taint": [],
                    "workload_metadata_config": []
                  }
                ],
                "node_count": 1,
                "node_locations": [
                  "us-central1-a"
                ],
                "placement_policy": [],
                "upgrade_settings": [
                  {
                    "blue_green_settings": [],
                    "max_surge": 1,
                    "max_unavailable": 0,
                    "strategy": "SURGE"
                  }
                ],
                "version": "1.25.8-gke.500"
              }
            ],
            "node_pool_defaults": [
              {
                "node_config_defaults": [
                  {
                    "logging_variant": "DEFAULT"
                  }
                ]
              }
            ],
            "node_version": "1.25.8-gke.500",
            "notification_config": [
              {
                "pubsub": [
                  {
                    "enabled": false,
                    "filter": [],
                    "topic": ""
                  }
                ]
              }
            ],
            "operation": null,
            "private_cluster_config": [
              {
                "enable_private_endpoint": false,
                "enable_private_nodes": false,
                "master_global_access_config": [
                  {
                    "enabled": false
                  }
                ],
                "master_ipv4_cidr_block": "",
                "peering_name": "",
                "private_endpoint": "10.128.0.8",
                "private_endpoint_subnetwork": "",
                "public_endpoint": "34.30.15.57"
              }
            ],
            "private_ipv6_google_access": "",
            "project": "k8s-b00930528",
            "release_channel": [
              {
                "channel": "REGULAR"
              }
            ],
            "remove_default_node_pool": null,
            "resource_labels": null,
            "resource_usage_export_config": [],
            "self_link": "https://container.googleapis.com/v1/projects/k8s-b00930528/zones/us-central1-a/clusters/my-cluster",
            "service_external_ips_config": [
              {
                "enabled": false
              }
            ],
            "services_ipv4_cidr": "10.3.240.0/20",
            "subnetwork": "projects/k8s-b00930528/regions/us-central1/subnetworks/default",
            "timeouts": null,
            "tpu_ipv4_cidr_block": "",
            "vertical_pod_autoscaling": [],
            "workload_identity_config": []
          },
          "sensitive_attributes": [],
          "private": "eyJlMmJmYjczMC1lY2FhLTExZTYtOGY4OC0zNDM2M2JjN2M0YzAiOnsiY3JlYXRlIjoyNDAwMDAwMDAwMDAwLCJkZWxldGUiOjI0MDAwMDAwMDAwMDAsInJlYWQiOjI0MDAwMDAwMDAwMDAsInVwZGF0ZSI6MzYwMDAwMDAwMDAwMH0sInNjaGVtYV92ZXJzaW9uIjoiMSJ9"
        }
      ]
    }
  ],
  "check_results": null
}
