{
  "version": 4,
  "terraform_version": "1.5.0",
  "serial": 7,
  "lineage": "e1a47cae-dfe4-3c90-6c64-b1ef0b75c75d",
  "outputs": {},
  "resources": [
    {
      "mode": "managed",
      "type": "google_container_cluster",
      "name": "my_cluster",
      "provider": "provider[\"registry.terraform.io/hashicorp/google\"]",
      "instances": [
        {
          "schema_version": 1,
          "attributes": {
            "addons_config": [
              {
                "cloudrun_config": [],
                "config_connector_config": [],
                "dns_cache_config": [],
                "gce_persistent_disk_csi_driver_config": [
                  {
                    "enabled": true
                  }
                ],
                "gcp_filestore_csi_driver_config": [],
                "gke_backup_agent_config": [],
                "horizontal_pod_autoscaling": [],
                "http_load_balancing": [],
                "network_policy_config": [
                  {
                    "disabled": true
                  }
                ]
              }
            ],
            "authenticator_groups_config": [],
            "binary_authorization": [
              {
                "enabled": false,
                "evaluation_mode": ""
              }
            ],
            "cluster_autoscaling": [
              {
                "auto_provisioning_defaults": [],
                "enabled": false,
                "resource_limits": []
              }
            ],
            "cluster_ipv4_cidr": "10.0.0.0/14",
            "confidential_nodes": [],
            "cost_management_config": [],
            "database_encryption": [
              {
                "key_name": "",
                "state": "DECRYPTED"
              }
            ],
            "datapath_provider": "",
            "default_max_pods_per_node": null,
            "default_snat_status": [
              {
                "disabled": false
              }
            ],
            "description": "",
            "dns_config": [],
            "enable_autopilot": false,
            "enable_binary_authorization": false,
            "enable_intranode_visibility": false,
            "enable_kubernetes_alpha": false,
            "enable_l4_ilb_subsetting": false,
            "enable_legacy_abac": false,
            "enable_shielded_nodes": true,
            "enable_tpu": false,
            "endpoint": "34.68.8.57",
            "gateway_api_config": [],
            "id": "projects/k8s-b00930528/locations/us-central1-a/clusters/my-cluster",
            "initial_node_count": 1,
            "ip_allocation_policy": [],
            "label_fingerprint": "a9dc16a7",
            "location": "us-central1-a",
            "logging_config": [
              {
                "enable_components": [
                  "SYSTEM_COMPONENTS",
                  "WORKLOADS"
                ]
              }
            ],
            "logging_service": "logging.googleapis.com/kubernetes",
            "maintenance_policy": [],
            "master_auth": [
              {
                "client_certificate": "",
                "client_certificate_config": [
                  {
                    "issue_client_certificate": false
                  }
                ],
                "client_key": "",
                "cluster_ca_certificate": "LS0tLS1CRUdJTiBDRVJUSUZJQ0FURS0tLS0tCk1JSUVMVENDQXBXZ0F3SUJBZ0lSQUtpSjdpZmJCajhROVJ1bXRvRHVRS0V3RFFZSktvWklodmNOQVFFTEJRQXcKTHpFdE1Dc0dBMVVFQXhNa05qY3hOREExTUdRdE9EUmxNQzAwTWpCaUxUaGxZV0l0TVdRMk5XSTBNamxoTXprNQpNQ0FYRFRJek1EWXhOakl6TURnd09Gb1lEekl3TlRNd05qQTVNREF3T0RBNFdqQXZNUzB3S3dZRFZRUURFeVEyCk56RTBNRFV3WkMwNE5HVXdMVFF5TUdJdE9HVmhZaTB4WkRZMVlqUXlPV0V6T1Rrd2dnR2lNQTBHQ1NxR1NJYjMKRFFFQkFRVUFBNElCandBd2dnR0tBb0lCZ1FEWVY2VTlqaHdZMWNyalJKVmxsdjB1bVNHRTZaT0NiSXlmcTdqVApjcm9CRTNWR243Q0dIeXZRTmxaaEs3Nk1oQmd5SE1yTW1aR3kwNE9mQm01QjY1ajBYMmlXblUwN2gyQUtzem5hCmxiY21KNXVMeXlraFBqbkdWbGU2dUp0NExOM0NTSFpVdHdlcW9NK3M0RWg1ZGs3LzZLOXFKMDVObWVlVnRZRjIKSnBIajA2ODc1cDlmMkNDZ3hZUHNMb3pETmRXdlA4U1dGc1VrWUlPQXJtcFRIOWFqVWZuR0YvOFhkUFFDTUlPagp0cWpLZkJKMFRGaWJwby9KTmJMWVJiRjdJeFZkZVdEMVRtTU9rUjFtVnVoZ254ekFNZlA5amRsWlU3ejAyKzMwCmFucmNaeWdrU2MzN21leWViZkx4bSsvc2VnREFpQ08yeVZKVVBzRkxaT1VRR2dBQUZrVkNYWnVsV3U3K3NCQkkKMGQybTIyamM0SnlwK3V5Z2Y0WStMVk54K0QwRXBrVFRZQmFiY1hCcWd5QlMrYkxvVUxkS0U3b1Ztd2c4SFRLeAptREJTNnBRZnlmMDBUQzFMZm0wdXV5NDN5VElIb1V5ZkdtdEFxcVR6SWZTKy9TWmVyZzdZTnNvZVdFdTl4K0VqCnZHK0RxQ0ttaDZ2aU0ycDJlNUtpYUxNNStuRUNBd0VBQWFOQ01FQXdEZ1lEVlIwUEFRSC9CQVFEQWdJRU1BOEcKQTFVZEV3RUIvd1FGTUFNQkFmOHdIUVlEVlIwT0JCWUVGTit3YnlHbjNGYXJRS0lxNnRxQnRIeVBMVnNLTUEwRwpDU3FHU0liM0RRRUJDd1VBQTRJQmdRQmRES3h3aSt2eTliWUlXSWpyQXIrSnVlSFpySmRYS3hrQWFVelVKcU5iCjRtUW02dGtnS09HZW1pWFBIb3R6WnlKeUJqcFl5aUROcllvWVI1QXkxQ3lzcWZkb1V5WG9tWTZ2RlVSUFpKMFcKTmZhWGNTei9McVlrL2s5ek1TemlPZ3hRNXpNSjhDVHo3Z1FWbzdaWHc0Q1BuVnJNZ3hFT3hjdFN3OUdhMEFNbwpXL3VmU1h2akg2ajRhbzVMY25hZU04ZjVRU2VYUVZHWVBUUjkzMnJpQWl1c1VmSG5sS09aYVRqVjB1Y0JKWTdRCnNSYS9wWlg1ckkvN2RqNVk3Q3VJenZRczNCT05hT1NqdVhydU1BSkFveUI1Q2FrMkR6SkRmeVVoc3QrM2U3OXMKRjJNVGlET1NlcDUrbk04VVk1UXNHVm0zRzg1YVdGWnc3SWVFeEpBWTVUREZOL0lGcHRMYm1nS0t1Wmc2dGNKdgpkbFNxRTZpNktBTVIyL3Bzd01BYXB2cnQ0b3U0ZGVBTW5KTTFVcVMwU1VGWHpCa25COVdmVkVBRlJMNkdRRnZ6CllNQjd1Mk5lWGVLdmExRmdZR1d4ajE0MGU5NWkyOTRuRXlwVFBUNGovdmRYSU5taUxhNEsvUkV3OHlCK0MxUC8KbEVpcGV4cDVNcHlUOWR1SFZmNjdyYzA9Ci0tLS0tRU5EIENFUlRJRklDQVRFLS0tLS0K"
              }
            ],
            "master_authorized_networks_config": [],
            "master_version": "1.25.8-gke.500",
            "mesh_certificates": [],
            "min_master_version": null,
            "monitoring_config": [
              {
                "enable_components": [
                  "SYSTEM_COMPONENTS"
                ],
                "managed_prometheus": []
              }
            ],
            "monitoring_service": "monitoring.googleapis.com/kubernetes",
            "name": "my-cluster",
            "network": "projects/k8s-b00930528/global/networks/default",
            "network_policy": [
              {
                "enabled": false,
                "provider": "PROVIDER_UNSPECIFIED"
              }
            ],
            "networking_mode": "ROUTES",
            "node_config": [
              {
                "boot_disk_kms_key": "",
                "disk_size_gb": 10,
                "disk_type": "pd-balanced",
                "gcfs_config": [],
                "guest_accelerator": [],
                "gvnic": [],
                "image_type": "COS_CONTAINERD",
                "kubelet_config": [],
                "labels": {},
                "linux_node_config": [],
                "local_ssd_count": 0,
                "logging_variant": "DEFAULT",
                "machine_type": "e2-micro",
                "metadata": {
                  "disable-legacy-endpoints": "true"
                },
                "min_cpu_platform": "",
                "node_group": "",
                "oauth_scopes": [
                  "https://www.googleapis.com/auth/devstorage.read_only",
                  "https://www.googleapis.com/auth/logging.write",
                  "https://www.googleapis.com/auth/monitoring",
                  "https://www.googleapis.com/auth/service.management.readonly",
                  "https://www.googleapis.com/auth/servicecontrol",
                  "https://www.googleapis.com/auth/trace.append"
                ],
                "preemptible": false,
                "reservation_affinity": [],
                "resource_labels": null,
                "service_account": "default",
                "shielded_instance_config": [
                  {
                    "enable_integrity_monitoring": true,
                    "enable_secure_boot": false
                  }
                ],
                "spot": false,
                "tags": null,
                "taint": [],
                "workload_metadata_config": []
              }
            ],
            "node_locations": [],
            "node_pool": [
              {
                "autoscaling": [],
                "initial_node_count": 1,
                "instance_group_urls": [
                  "https://www.googleapis.com/compute/v1/projects/k8s-b00930528/zones/us-central1-a/instanceGroupManagers/gke-my-cluster-default-pool-2c8be4bb-grp"
                ],
                "managed_instance_group_urls": [
                  "https://www.googleapis.com/compute/v1/projects/k8s-b00930528/zones/us-central1-a/instanceGroups/gke-my-cluster-default-pool-2c8be4bb-grp"
                ],
                "management": [
                  {
                    "auto_repair": true,
                    "auto_upgrade": true
                  }
                ],
                "max_pods_per_node": 0,
                "name": "default-pool",
                "name_prefix": "",
                "network_config": [
                  {
                    "create_pod_range": false,
                    "enable_private_nodes": false,
                    "pod_ipv4_cidr_block": "",
                    "pod_range": ""
                  }
                ],
                "node_config": [
                  {
                    "boot_disk_kms_key": "",
                    "disk_size_gb": 10,
                    "disk_type": "pd-balanced",
                    "gcfs_config": [],
                    "guest_accelerator": [],
                    "gvnic": [],
                    "image_type": "COS_CONTAINERD",
                    "kubelet_config": [],
                    "labels": {},
                    "linux_node_config": [],
                    "local_ssd_count": 0,
                    "logging_variant": "DEFAULT",
                    "machine_type": "e2-micro",
                    "metadata": {
                      "disable-legacy-endpoints": "true"
                    },
                    "min_cpu_platform": "",
                    "node_group": "",
                    "oauth_scopes": [
                      "https://www.googleapis.com/auth/devstorage.read_only",
                      "https://www.googleapis.com/auth/logging.write",
                      "https://www.googleapis.com/auth/monitoring",
                      "https://www.googleapis.com/auth/service.management.readonly",
                      "https://www.googleapis.com/auth/servicecontrol",
                      "https://www.googleapis.com/auth/trace.append"
                    ],
                    "preemptible": false,
                    "reservation_affinity": [],
                    "resource_labels": {},
                    "service_account": "default",
                    "shielded_instance_config": [
                      {
                        "enable_integrity_monitoring": true,
                        "enable_secure_boot": false
                      }
                    ],
                    "spot": false,
                    "tags": [],
                    "taint": [],
                    "workload_metadata_config": []
                  }
                ],
                "node_count": 1,
                "node_locations": [
                  "us-central1-a"
                ],
                "placement_policy": [],
                "upgrade_settings": [
                  {
                    "blue_green_settings": [],
                    "max_surge": 1,
                    "max_unavailable": 0,
                    "strategy": "SURGE"
                  }
                ],
                "version": "1.25.8-gke.500"
              }
            ],
            "node_pool_defaults": [
              {
                "node_config_defaults": [
                  {
                    "logging_variant": "DEFAULT"
                  }
                ]
              }
            ],
            "node_version": "1.25.8-gke.500",
            "notification_config": [
              {
                "pubsub": [
                  {
                    "enabled": false,
                    "filter": [],
                    "topic": ""
                  }
                ]
              }
            ],
            "operation": null,
            "private_cluster_config": [
              {
                "enable_private_endpoint": false,
                "enable_private_nodes": false,
                "master_global_access_config": [
                  {
                    "enabled": false
                  }
                ],
                "master_ipv4_cidr_block": "",
                "peering_name": "",
                "private_endpoint": "10.128.0.4",
                "private_endpoint_subnetwork": "",
                "public_endpoint": "34.68.8.57"
              }
            ],
            "private_ipv6_google_access": "",
            "project": "k8s-b00930528",
            "release_channel": [
              {
                "channel": "REGULAR"
              }
            ],
            "remove_default_node_pool": null,
            "resource_labels": null,
            "resource_usage_export_config": [],
            "self_link": "https://container.googleapis.com/v1/projects/k8s-b00930528/zones/us-central1-a/clusters/my-cluster",
            "service_external_ips_config": [
              {
                "enabled": false
              }
            ],
            "services_ipv4_cidr": "10.3.240.0/20",
            "subnetwork": "projects/k8s-b00930528/regions/us-central1/subnetworks/default",
            "timeouts": null,
            "tpu_ipv4_cidr_block": "",
            "vertical_pod_autoscaling": [],
            "workload_identity_config": []
          },
          "sensitive_attributes": [],
          "private": "eyJlMmJmYjczMC1lY2FhLTExZTYtOGY4OC0zNDM2M2JjN2M0YzAiOnsiY3JlYXRlIjoyNDAwMDAwMDAwMDAwLCJkZWxldGUiOjI0MDAwMDAwMDAwMDAsInJlYWQiOjI0MDAwMDAwMDAwMDAsInVwZGF0ZSI6MzYwMDAwMDAwMDAwMH0sInNjaGVtYV92ZXJzaW9uIjoiMSJ9"
        }
      ]
    }
  ],
  "check_results": null
}
