{
  "version": 4,
  "terraform_version": "1.5.0",
  "serial": 11,
  "lineage": "e1a47cae-dfe4-3c90-6c64-b1ef0b75c75d",
  "outputs": {},
  "resources": [
    {
      "mode": "managed",
      "type": "google_container_cluster",
      "name": "my_cluster",
      "provider": "provider[\"registry.terraform.io/hashicorp/google\"]",
      "instances": [
        {
          "schema_version": 1,
          "attributes": {
            "addons_config": [
              {
                "cloudrun_config": [],
                "config_connector_config": [],
                "dns_cache_config": [],
                "gce_persistent_disk_csi_driver_config": [
                  {
                    "enabled": true
                  }
                ],
                "gcp_filestore_csi_driver_config": [],
                "gke_backup_agent_config": [],
                "horizontal_pod_autoscaling": [],
                "http_load_balancing": [],
                "network_policy_config": [
                  {
                    "disabled": true
                  }
                ]
              }
            ],
            "authenticator_groups_config": [],
            "binary_authorization": [
              {
                "enabled": false,
                "evaluation_mode": ""
              }
            ],
            "cluster_autoscaling": [
              {
                "auto_provisioning_defaults": [],
                "enabled": false,
                "resource_limits": []
              }
            ],
            "cluster_ipv4_cidr": "10.0.0.0/14",
            "confidential_nodes": [],
            "cost_management_config": [],
            "database_encryption": [
              {
                "key_name": "",
                "state": "DECRYPTED"
              }
            ],
            "datapath_provider": "",
            "default_max_pods_per_node": null,
            "default_snat_status": [
              {
                "disabled": false
              }
            ],
            "description": "",
            "dns_config": [],
            "enable_autopilot": false,
            "enable_binary_authorization": false,
            "enable_intranode_visibility": false,
            "enable_kubernetes_alpha": false,
            "enable_l4_ilb_subsetting": false,
            "enable_legacy_abac": false,
            "enable_shielded_nodes": true,
            "enable_tpu": false,
            "endpoint": "35.225.99.72",
            "gateway_api_config": [],
            "id": "projects/k8s-b00930528/locations/us-central1-a/clusters/my-cluster",
            "initial_node_count": 1,
            "ip_allocation_policy": [],
            "label_fingerprint": "a9dc16a7",
            "location": "us-central1-a",
            "logging_config": [
              {
                "enable_components": [
                  "SYSTEM_COMPONENTS",
                  "WORKLOADS"
                ]
              }
            ],
            "logging_service": "logging.googleapis.com/kubernetes",
            "maintenance_policy": [],
            "master_auth": [
              {
                "client_certificate": "",
                "client_certificate_config": [
                  {
                    "issue_client_certificate": false
                  }
                ],
                "client_key": "",
                "cluster_ca_certificate": "LS0tLS1CRUdJTiBDRVJUSUZJQ0FURS0tLS0tCk1JSUVMVENDQXBXZ0F3SUJBZ0lSQUpUVGYxL1doRlVkc21OcnJEVFMzREV3RFFZSktvWklodmNOQVFFTEJRQXcKTHpFdE1Dc0dBMVVFQXhNa05URTVZemxqT1dVdE1USTFaQzAwTVdSaUxXRmhOell0TVdNNFlUVmlaamszWm1JeApNQ0FYRFRJek1EWXhOekF3TlRneE5Gb1lEekl3TlRNd05qQTVNREUxT0RFMFdqQXZNUzB3S3dZRFZRUURFeVExCk1UbGpPV001WlMweE1qVmtMVFF4WkdJdFlXRTNOaTB4WXpoaE5XSm1PVGRtWWpFd2dnR2lNQTBHQ1NxR1NJYjMKRFFFQkFRVUFBNElCandBd2dnR0tBb0lCZ1FDa1doa1hnMjI0cDVPTWR3enZCQkNSWVoxY1hFV2JxZG41cmlHUAprSXN5OFllNTlZQnJvQVZGanFRQ0lRclZiZWVvRGlNUUt4RkFicEZWbk1ac1dKUDhoRHVGNGN1cDFSd0JaRE9MClgxVzVpMWQ1bjZvZTRKb1pZWmhmelNDMTlsRFVPRUJoZFViZzJGNmQwQnNSd28zN2dDNzBPeXJqb0VoaUpHdFoKZTF1VDhpbjhkdU4zVHYvcDNZdlRRRUJUWXpYcDJ2SUl4ZlBNdjhXUC83MlBDZDFZQktFL0xPWVJlRnl5STdDVgp4REZDYm9HVThjdEplL0RORUxyVDNXeWlScEord3Q2YXBIZ3pmWGthR3U3b2w5ZXpEbWh2aUtIOWFIQ0t3ZFVPCkRZR0dtR1lSL3RES3JNTm5SK1QxYTBlZVJoNDhCY09jbkNnWk5HdkR6K0htL2RUUThmRW14RG5yZDkrbW1pV2IKTFU2TDJScDJ4M05ZYm5lK2xyR0xNZ29RZmJ3WmRoRHlGa1NWMklaSmhpZ2E0MXR4ckk4WlR4WHppdmQ3Q0VoOAplNGp0cnV5Sld3d2o1Y0l0enNZSUZKSkZJTjRSNlNvWWtTemtIZzNxMElHbVZvZ2xKcGVNbUZydUxVM3hvby9GClBqQ2l0cnBEdmhCSFhHeXVyd0FPYmgwWTJ5OENBd0VBQWFOQ01FQXdEZ1lEVlIwUEFRSC9CQVFEQWdJRU1BOEcKQTFVZEV3RUIvd1FGTUFNQkFmOHdIUVlEVlIwT0JCWUVGSEFndUhWSGtlWVFsZng4ZWVUMVlzV0NrV0JmTUEwRwpDU3FHU0liM0RRRUJDd1VBQTRJQmdRQmZtaElBZ2NMRkhWVWdRenIwaHNldnpJdms5b0RpRnpDQXhqam9ObXdECnBKbGRDa3ZHU3VUeU9jRk5Ydm02NVVLUlNWZk13dGZFZ3htQ1hvNVVxRUxYQmZvMWpWUlRQTVBKMmtlVmN3TVIKMUc3NE11SGVqNzlyVWxON1BoVzhQQVUzT0xKY0ZJdloxMGxjZ3VzZTdkTDFYdDlSc253RHE3WlBxQWFRNy8ycwpOU2YzalZ4U1FzYnZYMmpDM0RMenpWQmhyNWlsUStzT2E2U0xkazFsZTFITDRqcjNLZTJKL2E2Zi9ISVZRQTBmCnBueCtSb1FkN1Q5dHNJUmJOSFV1U0doM1NCdjVTUkx5WEhYcUlvMmZmWFhRcmNacVBjU25LUTZuYjB4dHVBN0sKUFlnR2VQYmhReDkzbWNHaWErbVlPNXNFNXgvMS9jakdqeUFGWHJtYkdrdlhwcmUzd3lTSHhqa0tmRDJ5bmtsSgoydUtXRmxJd0M0S0dnbUZLaU5IcStXaExWOForNlBMcWdLRUd5ZlhJa1NVZHNUMGRtWm9NaHJhMU12MkJ4N3p4CnU3dnpCOVZGWEg0NFhyL3Jka1hZcUNFT2Jvb2FONDRHSDhmTElEMnNac1krbUhQL3RiczY1RVVzYmxPLzJSU00KbTNHNlpRQXczMzhteXNvZWZBdVQ4MTA9Ci0tLS0tRU5EIENFUlRJRklDQVRFLS0tLS0K"
              }
            ],
            "master_authorized_networks_config": [],
            "master_version": "1.25.8-gke.500",
            "mesh_certificates": [],
            "min_master_version": null,
            "monitoring_config": [
              {
                "enable_components": [
                  "SYSTEM_COMPONENTS"
                ],
                "managed_prometheus": []
              }
            ],
            "monitoring_service": "monitoring.googleapis.com/kubernetes",
            "name": "my-cluster",
            "network": "projects/k8s-b00930528/global/networks/default",
            "network_policy": [
              {
                "enabled": false,
                "provider": "PROVIDER_UNSPECIFIED"
              }
            ],
            "networking_mode": "ROUTES",
            "node_config": [
              {
                "boot_disk_kms_key": "",
                "disk_size_gb": 100,
                "disk_type": "pd-balanced",
                "gcfs_config": [],
                "guest_accelerator": [],
                "gvnic": [],
                "image_type": "COS_CONTAINERD",
                "kubelet_config": [],
                "labels": {},
                "linux_node_config": [],
                "local_ssd_count": 0,
                "logging_variant": "DEFAULT",
                "machine_type": "e2-medium",
                "metadata": {
                  "disable-legacy-endpoints": "true"
                },
                "min_cpu_platform": "",
                "node_group": "",
                "oauth_scopes": [
                  "https://www.googleapis.com/auth/devstorage.read_only",
                  "https://www.googleapis.com/auth/logging.write",
                  "https://www.googleapis.com/auth/monitoring",
                  "https://www.googleapis.com/auth/service.management.readonly",
                  "https://www.googleapis.com/auth/servicecontrol",
                  "https://www.googleapis.com/auth/trace.append"
                ],
                "preemptible": false,
                "reservation_affinity": [],
                "resource_labels": null,
                "service_account": "default",
                "shielded_instance_config": [
                  {
                    "enable_integrity_monitoring": true,
                    "enable_secure_boot": false
                  }
                ],
                "spot": false,
                "tags": null,
                "taint": [],
                "workload_metadata_config": []
              }
            ],
            "node_locations": [],
            "node_pool": [
              {
                "autoscaling": [],
                "initial_node_count": 1,
                "instance_group_urls": [
                  "https://www.googleapis.com/compute/v1/projects/k8s-b00930528/zones/us-central1-a/instanceGroupManagers/gke-my-cluster-default-pool-4e0d3d3e-grp"
                ],
                "managed_instance_group_urls": [
                  "https://www.googleapis.com/compute/v1/projects/k8s-b00930528/zones/us-central1-a/instanceGroups/gke-my-cluster-default-pool-4e0d3d3e-grp"
                ],
                "management": [
                  {
                    "auto_repair": true,
                    "auto_upgrade": true
                  }
                ],
                "max_pods_per_node": 0,
                "name": "default-pool",
                "name_prefix": "",
                "network_config": [
                  {
                    "create_pod_range": false,
                    "enable_private_nodes": false,
                    "pod_ipv4_cidr_block": "",
                    "pod_range": ""
                  }
                ],
                "node_config": [
                  {
                    "boot_disk_kms_key": "",
                    "disk_size_gb": 100,
                    "disk_type": "pd-balanced",
                    "gcfs_config": [],
                    "guest_accelerator": [],
                    "gvnic": [],
                    "image_type": "COS_CONTAINERD",
                    "kubelet_config": [],
                    "labels": {},
                    "linux_node_config": [],
                    "local_ssd_count": 0,
                    "logging_variant": "DEFAULT",
                    "machine_type": "e2-medium",
                    "metadata": {
                      "disable-legacy-endpoints": "true"
                    },
                    "min_cpu_platform": "",
                    "node_group": "",
                    "oauth_scopes": [
                      "https://www.googleapis.com/auth/devstorage.read_only",
                      "https://www.googleapis.com/auth/logging.write",
                      "https://www.googleapis.com/auth/monitoring",
                      "https://www.googleapis.com/auth/service.management.readonly",
                      "https://www.googleapis.com/auth/servicecontrol",
                      "https://www.googleapis.com/auth/trace.append"
                    ],
                    "preemptible": false,
                    "reservation_affinity": [],
                    "resource_labels": {},
                    "service_account": "default",
                    "shielded_instance_config": [
                      {
                        "enable_integrity_monitoring": true,
                        "enable_secure_boot": false
                      }
                    ],
                    "spot": false,
                    "tags": [],
                    "taint": [],
                    "workload_metadata_config": []
                  }
                ],
                "node_count": 1,
                "node_locations": [
                  "us-central1-a"
                ],
                "placement_policy": [],
                "upgrade_settings": [
                  {
                    "blue_green_settings": [],
                    "max_surge": 1,
                    "max_unavailable": 0,
                    "strategy": "SURGE"
                  }
                ],
                "version": "1.25.8-gke.500"
              }
            ],
            "node_pool_defaults": [
              {
                "node_config_defaults": [
                  {
                    "logging_variant": "DEFAULT"
                  }
                ]
              }
            ],
            "node_version": "1.25.8-gke.500",
            "notification_config": [
              {
                "pubsub": [
                  {
                    "enabled": false,
                    "filter": [],
                    "topic": ""
                  }
                ]
              }
            ],
            "operation": null,
            "private_cluster_config": [
              {
                "enable_private_endpoint": false,
                "enable_private_nodes": false,
                "master_global_access_config": [
                  {
                    "enabled": false
                  }
                ],
                "master_ipv4_cidr_block": "",
                "peering_name": "",
                "private_endpoint": "10.128.0.6",
                "private_endpoint_subnetwork": "",
                "public_endpoint": "35.225.99.72"
              }
            ],
            "private_ipv6_google_access": "",
            "project": "k8s-b00930528",
            "release_channel": [
              {
                "channel": "REGULAR"
              }
            ],
            "remove_default_node_pool": null,
            "resource_labels": null,
            "resource_usage_export_config": [],
            "self_link": "https://container.googleapis.com/v1/projects/k8s-b00930528/zones/us-central1-a/clusters/my-cluster",
            "service_external_ips_config": [
              {
                "enabled": false
              }
            ],
            "services_ipv4_cidr": "10.3.240.0/20",
            "subnetwork": "projects/k8s-b00930528/regions/us-central1/subnetworks/default",
            "timeouts": null,
            "tpu_ipv4_cidr_block": "",
            "vertical_pod_autoscaling": [],
            "workload_identity_config": []
          },
          "sensitive_attributes": [],
          "private": "eyJlMmJmYjczMC1lY2FhLTExZTYtOGY4OC0zNDM2M2JjN2M0YzAiOnsiY3JlYXRlIjoyNDAwMDAwMDAwMDAwLCJkZWxldGUiOjI0MDAwMDAwMDAwMDAsInJlYWQiOjI0MDAwMDAwMDAwMDAsInVwZGF0ZSI6MzYwMDAwMDAwMDAwMH0sInNjaGVtYV92ZXJzaW9uIjoiMSJ9"
        }
      ]
    }
  ],
  "check_results": null
}
